
Microsoft Visual Studio Solution File, Format Version 12.00
# Visual Studio Version 17
VisualStudioVersion = 17.9.34607.119
MinimumVisualStudioVersion = 10.0.40219.1
Project("{FAE04EC0-301F-11D3-BF4B-00C04F79EFBC}") = "Pokedex", "Pokedex.csproj", "{DBA72138-2D09-4B1D-9ABB-E1A60CC8C78E}"
EndProject
Global
	GlobalSection(SolutionConfigurationPlatforms) = preSolution
		Debug|Any CPU = Debug|Any CPU
		Release|Any CPU = Release|Any CPU
	EndGlobalSection
	GlobalSection(ProjectConfigurationPlatforms) = postSolution
		{DBA72138-2D09-4B1D-9ABB-E1A60CC8C78E}.Debug|Any CPU.ActiveCfg = Debug|Any CPU
		{DBA72138-2D09-4B1D-9ABB-E1A60CC8C78E}.Debug|Any CPU.Build.0 = Debug|Any CPU
		{DBA72138-2D09-4B1D-9ABB-E1A60CC8C78E}.Release|Any CPU.ActiveCfg = Release|Any CPU
		{DBA72138-2D09-4B1D-9ABB-E1A60CC8C78E}.Release|Any CPU.Build.0 = Release|Any CPU
	EndGlobalSection
	GlobalSection(SolutionProperties) = preSolution
		HideSolutionNode = FALSE
	EndGlobalSection
	GlobalSection(ExtensibilityGlobals) = postSolution
		SolutionGuid = {B77F7962-0FDC-456B-9E6D-41AC1ABFACF8}
	EndGlobalSection
EndGlobal
